// !$*UTF8*$!
{
	archiveVersion = 1;
	classes = {
	};
	objectVersion = 46;
	objects = {

/* Begin PBXBuildFile section */
		AC615A351A64B93900002451 /* main.cpp in Sources */ = {isa = PBXBuildFile; fileRef = AC615A341A64B93900002451 /* main.cpp */; };
/* End PBXBuildFile section */

/* Begin PBXCopyFilesBuildPhase section */
		AC615A2F1A64B93900002451 /* CopyFiles */ = {
			isa = PBXCopyFilesBuildPhase;
			buildActionMask = 2147483647;
			dstPath = /usr/share/man/man1/;
			dstSubfolderSpec = 0;
			files = (
			);
			runOnlyForDeploymentPostprocessing = 1;
		};
/* End PBXCopyFilesBuildPhase section */

/* Begin PBXFileReference section */
		AC615A311A64B93900002451 /* PAT */ = {isa = PBXFileReference; explicitFileType = "compiled.mach-o.executable"; includeInIndex = 0; path = PAT; sourceTree = BUILT_PRODUCTS_DIR; };
		AC615A341A64B93900002451 /* main.cpp */ = {isa = PBXFileReference; lastKnownFileType = sourcecode.cpp.cpp; path = main.cpp; sourceTree = "<group>"; };
		AC615A3F1A64F97300002451 /* TestCase.txt */ = {isa = PBXFileReference; fileEncoding = 4; lastKnownFileType = text; path = TestCase.txt; sourceTree = "<group>"; };
		AC615A541A6613AD00002451 /* stlheaders.h */ = {isa = PBXFileReference; lastKnownFileType = sourcecode.c.h; path = stlheaders.h; sourceTree = "<group>"; };
		AC615A551A66157E00002451 /* makeInOne */ = {isa = PBXFileReference; fileEncoding = 4; lastKnownFileType = text; path = makeInOne; sourceTree = "<group>"; };
		ACC493241A7867BD00D6BFD1 /* WeightedGraphNode.h */ = {isa = PBXFileReference; lastKnownFileType = sourcecode.c.h; name = WeightedGraphNode.h; path = PAT/Common/WeightedGraphNode.h; sourceTree = "<group>"; };
		ACC493261A78680E00D6BFD1 /* GraphNode.h */ = {isa = PBXFileReference; fileEncoding = 4; lastKnownFileType = sourcecode.c.h; name = GraphNode.h; path = PAT/Common/GraphNode.h; sourceTree = "<group>"; };
		ACC493271A78680E00D6BFD1 /* PATHelper.h */ = {isa = PBXFileReference; fileEncoding = 4; lastKnownFileType = sourcecode.c.h; name = PATHelper.h; path = PAT/Common/PATHelper.h; sourceTree = "<group>"; };
		ACC493281A78680E00D6BFD1 /* UndirectedGraph.h */ = {isa = PBXFileReference; fileEncoding = 4; lastKnownFileType = sourcecode.c.h; name = UndirectedGraph.h; path = PAT/Common/UndirectedGraph.h; sourceTree = "<group>"; };
		ACC493291A79C24800D6BFD1 /* Dijkstra.h */ = {isa = PBXFileReference; lastKnownFileType = sourcecode.c.h; path = Dijkstra.h; sourceTree = "<group>"; };
/* End PBXFileReference section */

/* Begin PBXFrameworksBuildPhase section */
		AC615A2E1A64B93900002451 /* Frameworks */ = {
			isa = PBXFrameworksBuildPhase;
			buildActionMask = 2147483647;
			files = (
			);
			runOnlyForDeploymentPostprocessing = 0;
		};
/* End PBXFrameworksBuildPhase section */

/* Begin PBXGroup section */
		AC615A281A64B93900002451 = {
			isa = PBXGroup;
			children = (
				ACC493251A7867C900D6BFD1 /* Common */,
				AC615A551A66157E00002451 /* makeInOne */,
				AC615A3F1A64F97300002451 /* TestCase.txt */,
				AC615A331A64B93900002451 /* PAT */,
				AC615A321A64B93900002451 /* Products */,
			);
			sourceTree = "<group>";
		};
		AC615A321A64B93900002451 /* Products */ = {
			isa = PBXGroup;
			children = (
				AC615A311A64B93900002451 /* PAT */,
			);
			name = Products;
			sourceTree = "<group>";
		};
		AC615A331A64B93900002451 /* PAT */ = {
			isa = PBXGroup;
			children = (
				AC615A341A64B93900002451 /* main.cpp */,
				AC615A541A6613AD00002451 /* stlheaders.h */,
				ACC493291A79C24800D6BFD1 /* Dijkstra.h */,
			);
			path = PAT;
			sourceTree = "<group>";
		};
		ACC493251A7867C900D6BFD1 /* Common */ = {
			isa = PBXGroup;
			children = (
				ACC493261A78680E00D6BFD1 /* GraphNode.h */,
				ACC493271A78680E00D6BFD1 /* PATHelper.h */,
				ACC493281A78680E00D6BFD1 /* UndirectedGraph.h */,
				ACC493241A7867BD00D6BFD1 /* WeightedGraphNode.h */,
			);
			name = Common;
			sourceTree = "<group>";
		};
/* End PBXGroup section */

/* Begin PBXNativeTarget section */
		AC615A301A64B93900002451 /* PAT */ = {
			isa = PBXNativeTarget;
			buildConfigurationList = AC615A381A64B93900002451 /* Build configuration list for PBXNativeTarget "PAT" */;
			buildPhases = (
				AC615A2D1A64B93900002451 /* Sources */,
				AC615A2E1A64B93900002451 /* Frameworks */,
				AC615A2F1A64B93900002451 /* CopyFiles */,
			);
			buildRules = (
			);
			dependencies = (
			);
			name = PAT;
			productName = PAT;
			productReference = AC615A311A64B93900002451 /* PAT */;
			productType = "com.apple.product-type.tool";
		};
/* End PBXNativeTarget section */

/* Begin PBXProject section */
		AC615A291A64B93900002451 /* Project object */ = {
			isa = PBXProject;
			attributes = {
				LastUpgradeCheck = 0610;
				ORGANIZATIONNAME = felk;
				TargetAttributes = {
					AC615A301A64B93900002451 = {
						CreatedOnToolsVersion = 6.1.1;
					};
				};
			};
			buildConfigurationList = AC615A2C1A64B93900002451 /* Build configuration list for PBXProject "PAT" */;
			compatibilityVersion = "Xcode 3.2";
			developmentRegion = English;
			hasScannedForEncodings = 0;
			knownRegions = (
				en,
			);
			mainGroup = AC615A281A64B93900002451;
			productRefGroup = AC615A321A64B93900002451 /* Products */;
			projectDirPath = "";
			projectRoot = "";
			targets = (
				AC615A301A64B93900002451 /* PAT */,
			);
		};
/* End PBXProject section */

/* Begin PBXSourcesBuildPhase section */
		AC615A2D1A64B93900002451 /* Sources */ = {
			isa = PBXSourcesBuildPhase;
			buildActionMask = 2147483647;
			files = (
				AC615A351A64B93900002451 /* main.cpp in Sources */,
			);
			runOnlyForDeploymentPostprocessing = 0;
		};
/* End PBXSourcesBuildPhase section */

/* Begin XCBuildConfiguration section */
		AC615A361A64B93900002451 /* Debug */ = {
			isa = XCBuildConfiguration;
			buildSettings = {
				ALWAYS_SEARCH_USER_PATHS = NO;
				CLANG_CXX_LANGUAGE_STANDARD = "gnu++0x";
				CLANG_CXX_LIBRARY = "libc++";
				CLANG_ENABLE_MODULES = YES;
				CLANG_ENABLE_OBJC_ARC = YES;
				CLANG_WARN_BOOL_CONVERSION = YES;
				CLANG_WARN_CONSTANT_CONVERSION = YES;
				CLANG_WARN_DIRECT_OBJC_ISA_USAGE = YES_ERROR;
				CLANG_WARN_EMPTY_BODY = YES;
				CLANG_WARN_ENUM_CONVERSION = YES;
				CLANG_WARN_INT_CONVERSION = YES;
				CLANG_WARN_OBJC_ROOT_CLASS = YES_ERROR;
				CLANG_WARN_UNREACHABLE_CODE = YES;
				CLANG_WARN__DUPLICATE_METHOD_MATCH = YES;
				COPY_PHASE_STRIP = NO;
				ENABLE_STRICT_OBJC_MSGSEND = YES;
				GCC_C_LANGUAGE_STANDARD = gnu99;
				GCC_DYNAMIC_NO_PIC = NO;
				GCC_OPTIMIZATION_LEVEL = 0;
				GCC_PREPROCESSOR_DEFINITIONS = (
					"DEBUG=1",
					"$(inherited)",
				);
				GCC_SYMBOLS_PRIVATE_EXTERN = NO;
				GCC_WARN_64_TO_32_BIT_CONVERSION = YES;
				GCC_WARN_ABOUT_RETURN_TYPE = YES_ERROR;
				GCC_WARN_UNDECLARED_SELECTOR = YES;
				GCC_WARN_UNINITIALIZED_AUTOS = YES_AGGRESSIVE;
				GCC_WARN_UNUSED_FUNCTION = YES;
				GCC_WARN_UNUSED_VARIABLE = YES;
				MACOSX_DEPLOYMENT_TARGET = 10.9;
				MTL_ENABLE_DEBUG_INFO = YES;
				ONLY_ACTIVE_ARCH = YES;
				SDKROOT = macosx;
			};
			name = Debug;
		};
		AC615A371A64B93900002451 /* Release */ = {
			isa = XCBuildConfiguration;
			buildSettings = {
				ALWAYS_SEARCH_USER_PATHS = NO;
				CLANG_CXX_LANGUAGE_STANDARD = "gnu++0x";
				CLANG_CXX_LIBRARY = "libc++";
				CLANG_ENABLE_MODULES = YES;
				CLANG_ENABLE_OBJC_ARC = YES;
				CLANG_WARN_BOOL_CONVERSION = YES;
				CLANG_WARN_CONSTANT_CONVERSION = YES;
				CLANG_WARN_DIRECT_OBJC_ISA_USAGE = YES_ERROR;
				CLANG_WARN_EMPTY_BODY = YES;
				CLANG_WARN_ENUM_CONVERSION = YES;
				CLANG_WARN_INT_CONVERSION = YES;
				CLANG_WARN_OBJC_ROOT_CLASS = YES_ERROR;
				CLANG_WARN_UNREACHABLE_CODE = YES;
				CLANG_WARN__DUPLICATE_METHOD_MATCH = YES;
				COPY_PHASE_STRIP = YES;
				DEBUG_INFORMATION_FORMAT = "dwarf-with-dsym";
				ENABLE_NS_ASSERTIONS = NO;
				ENABLE_STRICT_OBJC_MSGSEND = YES;
				GCC_C_LANGUAGE_STANDARD = gnu99;
				GCC_WARN_64_TO_32_BIT_CONVERSION = YES;
				GCC_WARN_ABOUT_RETURN_TYPE = YES_ERROR;
				GCC_WARN_UNDECLARED_SELECTOR = YES;
				GCC_WARN_UNINITIALIZED_AUTOS = YES_AGGRESSIVE;
				GCC_WARN_UNUSED_FUNCTION = YES;
				GCC_WARN_UNUSED_VARIABLE = YES;
				MACOSX_DEPLOYMENT_TARGET = 10.9;
				MTL_ENABLE_DEBUG_INFO = NO;
				SDKROOT = macosx;
			};
			name = Release;
		};
		AC615A391A64B93900002451 /* Debug */ = {
			isa = XCBuildConfiguration;
			buildSettings = {
				PRODUCT_NAME = "$(TARGET_NAME)";
			};
			name = Debug;
		};
		AC615A3A1A64B93900002451 /* Release */ = {
			isa = XCBuildConfiguration;
			buildSettings = {
				PRODUCT_NAME = "$(TARGET_NAME)";
			};
			name = Release;
		};
/* End XCBuildConfiguration section */

/* Begin XCConfigurationList section */
		AC615A2C1A64B93900002451 /* Build configuration list for PBXProject "PAT" */ = {
			isa = XCConfigurationList;
			buildConfigurations = (
				AC615A361A64B93900002451 /* Debug */,
				AC615A371A64B93900002451 /* Release */,
			);
			defaultConfigurationIsVisible = 0;
			defaultConfigurationName = Release;
		};
		AC615A381A64B93900002451 /* Build configuration list for PBXNativeTarget "PAT" */ = {
			isa = XCConfigurationList;
			buildConfigurations = (
				AC615A391A64B93900002451 /* Debug */,
				AC615A3A1A64B93900002451 /* Release */,
			);
			defaultConfigurationIsVisible = 0;
			defaultConfigurationName = Release;
		};
/* End XCConfigurationList section */
	};
	rootObject = AC615A291A64B93900002451 /* Project object */;
}
